// !$*UTF8*$!
{
	archiveVersion = 1;
	classes = {
	};
	objectVersion = 46;
	objects = {

/* Begin PBXBuildFile section */
		D3157AC41DBBBB86003A7577 /* MatchDetailsIC.swift in Sources */ = {isa = PBXBuildFile; fileRef = D3157AC31DBBBB86003A7577 /* MatchDetailsIC.swift */; };
		D3157AC61DBBBDDD003A7577 /* DetailRowController.swift in Sources */ = {isa = PBXBuildFile; fileRef = D3157AC51DBBBDDD003A7577 /* DetailRowController.swift */; };
		D3157AC81DBBC805003A7577 /* LocalStorageManager.swift in Sources */ = {isa = PBXBuildFile; fileRef = D3157AC71DBBC805003A7577 /* LocalStorageManager.swift */; };
		D3157ACA1DBBCBBF003A7577 /* MatchCell.swift in Sources */ = {isa = PBXBuildFile; fileRef = D3157AC91DBBCBBF003A7577 /* MatchCell.swift */; };
		D3157ACE1DBBD60C003A7577 /* LeagueSelectorVC.swift in Sources */ = {isa = PBXBuildFile; fileRef = D3157ACD1DBBD60C003A7577 /* LeagueSelectorVC.swift */; };
		D3157AD41DBBE3C8003A7577 /* GolesAPI.swift in Sources */ = {isa = PBXBuildFile; fileRef = D3157AD11DBBE3C8003A7577 /* GolesAPI.swift */; };
		D3157AD51DBBE3C8003A7577 /* League.swift in Sources */ = {isa = PBXBuildFile; fileRef = D3157AD21DBBE3C8003A7577 /* League.swift */; };
		D3157AD61DBBE3C8003A7577 /* Match.swift in Sources */ = {isa = PBXBuildFile; fileRef = D3157AD31DBBE3C8003A7577 /* Match.swift */; };
		D3157AD71DBBE3EB003A7577 /* GolesAPI.swift in Sources */ = {isa = PBXBuildFile; fileRef = D3157AD11DBBE3C8003A7577 /* GolesAPI.swift */; };
		D334ACAE1DBD31FC0076617B /* ClassificationRow.swift in Sources */ = {isa = PBXBuildFile; fileRef = D334ACAD1DBD31FC0076617B /* ClassificationRow.swift */; };
		D334ACB01DBD327E0076617B /* ClassificationInterfaceController.swift in Sources */ = {isa = PBXBuildFile; fileRef = D334ACAF1DBD327E0076617B /* ClassificationInterfaceController.swift */; };
		D335A6431DC2669400C73C05 /* DetailCell.swift in Sources */ = {isa = PBXBuildFile; fileRef = D335A6421DC2669400C73C05 /* DetailCell.swift */; };
		D335A6451DC266D400C73C05 /* MatchDetailsVC.swift in Sources */ = {isa = PBXBuildFile; fileRef = D335A6441DC266D400C73C05 /* MatchDetailsVC.swift */; };
		D3F662D11DBB5A71009A56ED /* AppDelegate.swift in Sources */ = {isa = PBXBuildFile; fileRef = D3F662D01DBB5A71009A56ED /* AppDelegate.swift */; };
		D3F662D31DBB5A71009A56ED /* FirstViewController.swift in Sources */ = {isa = PBXBuildFile; fileRef = D3F662D21DBB5A71009A56ED /* FirstViewController.swift */; };
		D3F662D51DBB5A71009A56ED /* SecondViewController.swift in Sources */ = {isa = PBXBuildFile; fileRef = D3F662D41DBB5A71009A56ED /* SecondViewController.swift */; };
		D3F662D81DBB5A71009A56ED /* Main.storyboard in Resources */ = {isa = PBXBuildFile; fileRef = D3F662D61DBB5A71009A56ED /* Main.storyboard */; };
		D3F662DA1DBB5A71009A56ED /* Assets.xcassets in Resources */ = {isa = PBXBuildFile; fileRef = D3F662D91DBB5A71009A56ED /* Assets.xcassets */; };
		D3F662DD1DBB5A71009A56ED /* LaunchScreen.storyboard in Resources */ = {isa = PBXBuildFile; fileRef = D3F662DB1DBB5A71009A56ED /* LaunchScreen.storyboard */; };
		D3F662F01DBB6151009A56ED /* Interface.storyboard in Resources */ = {isa = PBXBuildFile; fileRef = D3F662EE1DBB6151009A56ED /* Interface.storyboard */; };
		D3F662F21DBB6151009A56ED /* Assets.xcassets in Resources */ = {isa = PBXBuildFile; fileRef = D3F662F11DBB6151009A56ED /* Assets.xcassets */; };
		D3F662F91DBB6151009A56ED /* watch Extension.appex in Embed App Extensions */ = {isa = PBXBuildFile; fileRef = D3F662F81DBB6151009A56ED /* watch Extension.appex */; settings = {ATTRIBUTES = (RemoveHeadersOnCopy, ); }; };
		D3F663001DBB6151009A56ED /* InterfaceController.swift in Sources */ = {isa = PBXBuildFile; fileRef = D3F662FF1DBB6151009A56ED /* InterfaceController.swift */; };
		D3F663021DBB6151009A56ED /* ExtensionDelegate.swift in Sources */ = {isa = PBXBuildFile; fileRef = D3F663011DBB6151009A56ED /* ExtensionDelegate.swift */; };
		D3F663041DBB6151009A56ED /* NotificationController.swift in Sources */ = {isa = PBXBuildFile; fileRef = D3F663031DBB6151009A56ED /* NotificationController.swift */; };
		D3F663061DBB6151009A56ED /* Assets.xcassets in Resources */ = {isa = PBXBuildFile; fileRef = D3F663051DBB6151009A56ED /* Assets.xcassets */; };
		D3F6630A1DBB6151009A56ED /* watch.app in Embed Watch Content */ = {isa = PBXBuildFile; fileRef = D3F662EC1DBB6151009A56ED /* watch.app */; };
		D3F663141DBB672E009A56ED /* RowController.swift in Sources */ = {isa = PBXBuildFile; fileRef = D3F663131DBB672E009A56ED /* RowController.swift */; };
/* End PBXBuildFile section */

/* Begin PBXContainerItemProxy section */
		D3F662FA1DBB6151009A56ED /* PBXContainerItemProxy */ = {
			isa = PBXContainerItemProxy;
			containerPortal = D3F662C51DBB5A71009A56ED /* Project object */;
			proxyType = 1;
			remoteGlobalIDString = D3F662F71DBB6151009A56ED;
			remoteInfo = "watch Extension";
		};
		D3F663081DBB6151009A56ED /* PBXContainerItemProxy */ = {
			isa = PBXContainerItemProxy;
			containerPortal = D3F662C51DBB5A71009A56ED /* Project object */;
			proxyType = 1;
			remoteGlobalIDString = D3F662EB1DBB6151009A56ED;
			remoteInfo = watch;
		};
/* End PBXContainerItemProxy section */

/* Begin PBXCopyFilesBuildPhase section */
		D3F6630E1DBB6151009A56ED /* Embed App Extensions */ = {
			isa = PBXCopyFilesBuildPhase;
			buildActionMask = 2147483647;
			dstPath = "";
			dstSubfolderSpec = 13;
			files = (
				D3F662F91DBB6151009A56ED /* watch Extension.appex in Embed App Extensions */,
			);
			name = "Embed App Extensions";
			runOnlyForDeploymentPostprocessing = 0;
		};
		D3F663121DBB6151009A56ED /* Embed Watch Content */ = {
			isa = PBXCopyFilesBuildPhase;
			buildActionMask = 2147483647;
			dstPath = "$(CONTENTS_FOLDER_PATH)/Watch";
			dstSubfolderSpec = 16;
			files = (
				D3F6630A1DBB6151009A56ED /* watch.app in Embed Watch Content */,
			);
			name = "Embed Watch Content";
			runOnlyForDeploymentPostprocessing = 0;
		};
/* End PBXCopyFilesBuildPhase section */

/* Begin PBXFileReference section */
		D3157AC31DBBBB86003A7577 /* MatchDetailsIC.swift */ = {isa = PBXFileReference; fileEncoding = 4; lastKnownFileType = sourcecode.swift; path = MatchDetailsIC.swift; sourceTree = "<group>"; };
		D3157AC51DBBBDDD003A7577 /* DetailRowController.swift */ = {isa = PBXFileReference; fileEncoding = 4; lastKnownFileType = sourcecode.swift; path = DetailRowController.swift; sourceTree = "<group>"; };
		D3157AC71DBBC805003A7577 /* LocalStorageManager.swift */ = {isa = PBXFileReference; fileEncoding = 4; lastKnownFileType = sourcecode.swift; path = LocalStorageManager.swift; sourceTree = "<group>"; };
		D3157AC91DBBCBBF003A7577 /* MatchCell.swift */ = {isa = PBXFileReference; fileEncoding = 4; lastKnownFileType = sourcecode.swift; path = MatchCell.swift; sourceTree = "<group>"; };
		D3157ACD1DBBD60C003A7577 /* LeagueSelectorVC.swift */ = {isa = PBXFileReference; fileEncoding = 4; lastKnownFileType = sourcecode.swift; path = LeagueSelectorVC.swift; sourceTree = "<group>"; };
		D3157AD11DBBE3C8003A7577 /* GolesAPI.swift */ = {isa = PBXFileReference; fileEncoding = 4; lastKnownFileType = sourcecode.swift; name = GolesAPI.swift; path = GolesAPI/GolesAPI.swift; sourceTree = "<group>"; };
		D3157AD21DBBE3C8003A7577 /* League.swift */ = {isa = PBXFileReference; fileEncoding = 4; lastKnownFileType = sourcecode.swift; name = League.swift; path = GolesAPI/League.swift; sourceTree = "<group>"; };
		D3157AD31DBBE3C8003A7577 /* Match.swift */ = {isa = PBXFileReference; fileEncoding = 4; lastKnownFileType = sourcecode.swift; name = Match.swift; path = GolesAPI/Match.swift; sourceTree = "<group>"; };
		D334ACAD1DBD31FC0076617B /* ClassificationRow.swift */ = {isa = PBXFileReference; fileEncoding = 4; lastKnownFileType = sourcecode.swift; path = ClassificationRow.swift; sourceTree = "<group>"; };
		D334ACAF1DBD327E0076617B /* ClassificationInterfaceController.swift */ = {isa = PBXFileReference; fileEncoding = 4; lastKnownFileType = sourcecode.swift; path = ClassificationInterfaceController.swift; sourceTree = "<group>"; };
		D335A6421DC2669400C73C05 /* DetailCell.swift */ = {isa = PBXFileReference; fileEncoding = 4; lastKnownFileType = sourcecode.swift; path = DetailCell.swift; sourceTree = "<group>"; };
		D335A6441DC266D400C73C05 /* MatchDetailsVC.swift */ = {isa = PBXFileReference; fileEncoding = 4; lastKnownFileType = sourcecode.swift; path = MatchDetailsVC.swift; sourceTree = "<group>"; };
		D3F662CD1DBB5A71009A56ED /* OpenGoles.app */ = {isa = PBXFileReference; explicitFileType = wrapper.application; includeInIndex = 0; path = OpenGoles.app; sourceTree = BUILT_PRODUCTS_DIR; };
		D3F662D01DBB5A71009A56ED /* AppDelegate.swift */ = {isa = PBXFileReference; lastKnownFileType = sourcecode.swift; path = AppDelegate.swift; sourceTree = "<group>"; };
		D3F662D21DBB5A71009A56ED /* FirstViewController.swift */ = {isa = PBXFileReference; lastKnownFileType = sourcecode.swift; path = FirstViewController.swift; sourceTree = "<group>"; };
		D3F662D41DBB5A71009A56ED /* SecondViewController.swift */ = {isa = PBXFileReference; lastKnownFileType = sourcecode.swift; path = SecondViewController.swift; sourceTree = "<group>"; };
		D3F662D71DBB5A71009A56ED /* Base */ = {isa = PBXFileReference; lastKnownFileType = file.storyboard; name = Base; path = Base.lproj/Main.storyboard; sourceTree = "<group>"; };
		D3F662D91DBB5A71009A56ED /* Assets.xcassets */ = {isa = PBXFileReference; lastKnownFileType = folder.assetcatalog; path = Assets.xcassets; sourceTree = "<group>"; };
		D3F662DC1DBB5A71009A56ED /* Base */ = {isa = PBXFileReference; lastKnownFileType = file.storyboard; name = Base; path = Base.lproj/LaunchScreen.storyboard; sourceTree = "<group>"; };
		D3F662DE1DBB5A71009A56ED /* Info.plist */ = {isa = PBXFileReference; lastKnownFileType = text.plist.xml; path = Info.plist; sourceTree = "<group>"; };
		D3F662EC1DBB6151009A56ED /* watch.app */ = {isa = PBXFileReference; explicitFileType = wrapper.application; includeInIndex = 0; path = watch.app; sourceTree = BUILT_PRODUCTS_DIR; };
		D3F662EF1DBB6151009A56ED /* Base */ = {isa = PBXFileReference; lastKnownFileType = file.storyboard; name = Base; path = Base.lproj/Interface.storyboard; sourceTree = "<group>"; };
		D3F662F11DBB6151009A56ED /* Assets.xcassets */ = {isa = PBXFileReference; lastKnownFileType = folder.assetcatalog; path = Assets.xcassets; sourceTree = "<group>"; };
		D3F662F31DBB6151009A56ED /* Info.plist */ = {isa = PBXFileReference; lastKnownFileType = text.plist.xml; path = Info.plist; sourceTree = "<group>"; };
		D3F662F81DBB6151009A56ED /* watch Extension.appex */ = {isa = PBXFileReference; explicitFileType = "wrapper.app-extension"; includeInIndex = 0; path = "watch Extension.appex"; sourceTree = BUILT_PRODUCTS_DIR; };
		D3F662FE1DBB6151009A56ED /* PushNotificationPayload.apns */ = {isa = PBXFileReference; lastKnownFileType = text; path = PushNotificationPayload.apns; sourceTree = "<group>"; };
		D3F662FF1DBB6151009A56ED /* InterfaceController.swift */ = {isa = PBXFileReference; lastKnownFileType = sourcecode.swift; path = InterfaceController.swift; sourceTree = "<group>"; };
		D3F663011DBB6151009A56ED /* ExtensionDelegate.swift */ = {isa = PBXFileReference; lastKnownFileType = sourcecode.swift; path = ExtensionDelegate.swift; sourceTree = "<group>"; };
		D3F663031DBB6151009A56ED /* NotificationController.swift */ = {isa = PBXFileReference; lastKnownFileType = sourcecode.swift; path = NotificationController.swift; sourceTree = "<group>"; };
		D3F663051DBB6151009A56ED /* Assets.xcassets */ = {isa = PBXFileReference; lastKnownFileType = folder.assetcatalog; path = Assets.xcassets; sourceTree = "<group>"; };
		D3F663071DBB6151009A56ED /* Info.plist */ = {isa = PBXFileReference; lastKnownFileType = text.plist.xml; path = Info.plist; sourceTree = "<group>"; };
		D3F663131DBB672E009A56ED /* RowController.swift */ = {isa = PBXFileReference; fileEncoding = 4; lastKnownFileType = sourcecode.swift; path = RowController.swift; sourceTree = "<group>"; };
/* End PBXFileReference section */

/* Begin PBXFrameworksBuildPhase section */
		D3F662CA1DBB5A71009A56ED /* Frameworks */ = {
			isa = PBXFrameworksBuildPhase;
			buildActionMask = 2147483647;
			files = (
			);
			runOnlyForDeploymentPostprocessing = 0;
		};
		D3F662F51DBB6151009A56ED /* Frameworks */ = {
			isa = PBXFrameworksBuildPhase;
			buildActionMask = 2147483647;
			files = (
			);
			runOnlyForDeploymentPostprocessing = 0;
		};
/* End PBXFrameworksBuildPhase section */

/* Begin PBXGroup section */
		D3F662C41DBB5A71009A56ED = {
			isa = PBXGroup;
			children = (
				D3F662E51DBB5A9A009A56ED /* GolesAPI */,
				D3F662CF1DBB5A71009A56ED /* OpenGoles */,
				D3F662ED1DBB6151009A56ED /* watch */,
				D3F662FC1DBB6151009A56ED /* watch Extension */,
				D3F662CE1DBB5A71009A56ED /* Products */,
			);
			sourceTree = "<group>";
		};
		D3F662CE1DBB5A71009A56ED /* Products */ = {
			isa = PBXGroup;
			children = (
				D3F662CD1DBB5A71009A56ED /* OpenGoles.app */,
				D3F662EC1DBB6151009A56ED /* watch.app */,
				D3F662F81DBB6151009A56ED /* watch Extension.appex */,
			);
			name = Products;
			sourceTree = "<group>";
		};
		D3F662CF1DBB5A71009A56ED /* OpenGoles */ = {
			isa = PBXGroup;
			children = (
				D3157AC91DBBCBBF003A7577 /* MatchCell.swift */,
				D335A6421DC2669400C73C05 /* DetailCell.swift */,
				D3F662D01DBB5A71009A56ED /* AppDelegate.swift */,
				D3F662D21DBB5A71009A56ED /* FirstViewController.swift */,
				D3F662D41DBB5A71009A56ED /* SecondViewController.swift */,
				D3157ACD1DBBD60C003A7577 /* LeagueSelectorVC.swift */,
				D335A6441DC266D400C73C05 /* MatchDetailsVC.swift */,
				D3F662D61DBB5A71009A56ED /* Main.storyboard */,
				D3F662D91DBB5A71009A56ED /* Assets.xcassets */,
				D3F662DB1DBB5A71009A56ED /* LaunchScreen.storyboard */,
				D3F662DE1DBB5A71009A56ED /* Info.plist */,
				D3157AC71DBBC805003A7577 /* LocalStorageManager.swift */,
			);
			path = OpenGoles;
			sourceTree = "<group>";
		};
		D3F662E51DBB5A9A009A56ED /* GolesAPI */ = {
			isa = PBXGroup;
			children = (
				D3157AD11DBBE3C8003A7577 /* GolesAPI.swift */,
				D3157AD21DBBE3C8003A7577 /* League.swift */,
				D3157AD31DBBE3C8003A7577 /* Match.swift */,
			);
			name = GolesAPI;
			sourceTree = "<group>";
		};
		D3F662ED1DBB6151009A56ED /* watch */ = {
			isa = PBXGroup;
			children = (
				D3F662EE1DBB6151009A56ED /* Interface.storyboard */,
				D3F662F11DBB6151009A56ED /* Assets.xcassets */,
				D3F662F31DBB6151009A56ED /* Info.plist */,
			);
			path = watch;
			sourceTree = "<group>";
		};
		D3F662FC1DBB6151009A56ED /* watch Extension */ = {
			isa = PBXGroup;
			children = (
				D3F663131DBB672E009A56ED /* RowController.swift */,
				D3157AC51DBBBDDD003A7577 /* DetailRowController.swift */,
				D334ACAD1DBD31FC0076617B /* ClassificationRow.swift */,
				D3F662FF1DBB6151009A56ED /* InterfaceController.swift */,
				D3157AC31DBBBB86003A7577 /* MatchDetailsIC.swift */,
				D334ACAF1DBD327E0076617B /* ClassificationInterfaceController.swift */,
				D3F663011DBB6151009A56ED /* ExtensionDelegate.swift */,
				D3F663031DBB6151009A56ED /* NotificationController.swift */,
				D3F663051DBB6151009A56ED /* Assets.xcassets */,
				D3F663071DBB6151009A56ED /* Info.plist */,
				D3F662FD1DBB6151009A56ED /* Supporting Files */,
			);
			path = "watch Extension";
			sourceTree = "<group>";
		};
		D3F662FD1DBB6151009A56ED /* Supporting Files */ = {
			isa = PBXGroup;
			children = (
				D3F662FE1DBB6151009A56ED /* PushNotificationPayload.apns */,
			);
			name = "Supporting Files";
			sourceTree = "<group>";
		};
/* End PBXGroup section */

/* Begin PBXNativeTarget section */
		D3F662CC1DBB5A71009A56ED /* OpenGoles */ = {
			isa = PBXNativeTarget;
			buildConfigurationList = D3F662E11DBB5A71009A56ED /* Build configuration list for PBXNativeTarget "OpenGoles" */;
			buildPhases = (
				D3F662C91DBB5A71009A56ED /* Sources */,
				D3F662CA1DBB5A71009A56ED /* Frameworks */,
				D3F662CB1DBB5A71009A56ED /* Resources */,
				D3F663121DBB6151009A56ED /* Embed Watch Content */,
			);
			buildRules = (
			);
			dependencies = (
				D3F663091DBB6151009A56ED /* PBXTargetDependency */,
			);
			name = OpenGoles;
			productName = OpenGoles;
			productReference = D3F662CD1DBB5A71009A56ED /* OpenGoles.app */;
			productType = "com.apple.product-type.application";
		};
		D3F662EB1DBB6151009A56ED /* watch */ = {
			isa = PBXNativeTarget;
			buildConfigurationList = D3F6630F1DBB6151009A56ED /* Build configuration list for PBXNativeTarget "watch" */;
			buildPhases = (
				D3F662EA1DBB6151009A56ED /* Resources */,
				D3F6630E1DBB6151009A56ED /* Embed App Extensions */,
			);
			buildRules = (
			);
			dependencies = (
				D3F662FB1DBB6151009A56ED /* PBXTargetDependency */,
			);
			name = watch;
			productName = watch;
			productReference = D3F662EC1DBB6151009A56ED /* watch.app */;
			productType = "com.apple.product-type.application.watchapp2";
		};
		D3F662F71DBB6151009A56ED /* watch Extension */ = {
			isa = PBXNativeTarget;
			buildConfigurationList = D3F6630B1DBB6151009A56ED /* Build configuration list for PBXNativeTarget "watch Extension" */;
			buildPhases = (
				D3F662F41DBB6151009A56ED /* Sources */,
				D3F662F51DBB6151009A56ED /* Frameworks */,
				D3F662F61DBB6151009A56ED /* Resources */,
			);
			buildRules = (
			);
			dependencies = (
			);
			name = "watch Extension";
			productName = "watch Extension";
			productReference = D3F662F81DBB6151009A56ED /* watch Extension.appex */;
			productType = "com.apple.product-type.watchkit2-extension";
		};
/* End PBXNativeTarget section */

/* Begin PBXProject section */
		D3F662C51DBB5A71009A56ED /* Project object */ = {
			isa = PBXProject;
			attributes = {
				LastSwiftUpdateCheck = 0800;
				LastUpgradeCheck = 0800;
				ORGANIZATIONNAME = Alberto;
				TargetAttributes = {
					D3F662CC1DBB5A71009A56ED = {
						CreatedOnToolsVersion = 8.0;
						DevelopmentTeam = HG5KUP66BT;
						ProvisioningStyle = Automatic;
					};
					D3F662EB1DBB6151009A56ED = {
						CreatedOnToolsVersion = 8.0;
						DevelopmentTeam = HG5KUP66BT;
						ProvisioningStyle = Automatic;
					};
					D3F662F71DBB6151009A56ED = {
						CreatedOnToolsVersion = 8.0;
						DevelopmentTeam = HG5KUP66BT;
						ProvisioningStyle = Automatic;
					};
				};
			};
			buildConfigurationList = D3F662C81DBB5A71009A56ED /* Build configuration list for PBXProject "OpenGoles" */;
			compatibilityVersion = "Xcode 3.2";
			developmentRegion = English;
			hasScannedForEncodings = 0;
			knownRegions = (
				en,
				Base,
			);
			mainGroup = D3F662C41DBB5A71009A56ED;
			productRefGroup = D3F662CE1DBB5A71009A56ED /* Products */;
			projectDirPath = "";
			projectRoot = "";
			targets = (
				D3F662CC1DBB5A71009A56ED /* OpenGoles */,
				D3F662EB1DBB6151009A56ED /* watch */,
				D3F662F71DBB6151009A56ED /* watch Extension */,
			);
		};
/* End PBXProject section */

/* Begin PBXResourcesBuildPhase section */
		D3F662CB1DBB5A71009A56ED /* Resources */ = {
			isa = PBXResourcesBuildPhase;
			buildActionMask = 2147483647;
			files = (
				D3F662DD1DBB5A71009A56ED /* LaunchScreen.storyboard in Resources */,
				D3F662DA1DBB5A71009A56ED /* Assets.xcassets in Resources */,
				D3F662D81DBB5A71009A56ED /* Main.storyboard in Resources */,
			);
			runOnlyForDeploymentPostprocessing = 0;
		};
		D3F662EA1DBB6151009A56ED /* Resources */ = {
			isa = PBXResourcesBuildPhase;
			buildActionMask = 2147483647;
			files = (
				D3F662F21DBB6151009A56ED /* Assets.xcassets in Resources */,
				D3F662F01DBB6151009A56ED /* Interface.storyboard in Resources */,
			);
			runOnlyForDeploymentPostprocessing = 0;
		};
		D3F662F61DBB6151009A56ED /* Resources */ = {
			isa = PBXResourcesBuildPhase;
			buildActionMask = 2147483647;
			files = (
				D3F663061DBB6151009A56ED /* Assets.xcassets in Resources */,
			);
			runOnlyForDeploymentPostprocessing = 0;
		};
/* End PBXResourcesBuildPhase section */

/* Begin PBXSourcesBuildPhase section */
		D3F662C91DBB5A71009A56ED /* Sources */ = {
			isa = PBXSourcesBuildPhase;
			buildActionMask = 2147483647;
			files = (
				D335A6431DC2669400C73C05 /* DetailCell.swift in Sources */,
				D3F662D51DBB5A71009A56ED /* SecondViewController.swift in Sources */,
				D3157AC81DBBC805003A7577 /* LocalStorageManager.swift in Sources */,
				D3157AD61DBBE3C8003A7577 /* Match.swift in Sources */,
				D3157AD51DBBE3C8003A7577 /* League.swift in Sources */,
				D3157ACA1DBBCBBF003A7577 /* MatchCell.swift in Sources */,
				D3157AD41DBBE3C8003A7577 /* GolesAPI.swift in Sources */,
				D335A6451DC266D400C73C05 /* MatchDetailsVC.swift in Sources */,
				D3F662D11DBB5A71009A56ED /* AppDelegate.swift in Sources */,
				D3F662D31DBB5A71009A56ED /* FirstViewController.swift in Sources */,
				D3157ACE1DBBD60C003A7577 /* LeagueSelectorVC.swift in Sources */,
			);
			runOnlyForDeploymentPostprocessing = 0;
		};
		D3F662F41DBB6151009A56ED /* Sources */ = {
			isa = PBXSourcesBuildPhase;
			buildActionMask = 2147483647;
			files = (
				D3157AD71DBBE3EB003A7577 /* GolesAPI.swift in Sources */,
				D3F663041DBB6151009A56ED /* NotificationController.swift in Sources */,
				D334ACB01DBD327E0076617B /* ClassificationInterfaceController.swift in Sources */,
				D3157AC41DBBBB86003A7577 /* MatchDetailsIC.swift in Sources */,
				D3F663021DBB6151009A56ED /* ExtensionDelegate.swift in Sources */,
				D3F663141DBB672E009A56ED /* RowController.swift in Sources */,
				D3157AC61DBBBDDD003A7577 /* DetailRowController.swift in Sources */,
				D334ACAE1DBD31FC0076617B /* ClassificationRow.swift in Sources */,
				D3F663001DBB6151009A56ED /* InterfaceController.swift in Sources */,
			);
			runOnlyForDeploymentPostprocessing = 0;
		};
/* End PBXSourcesBuildPhase section */

/* Begin PBXTargetDependency section */
		D3F662FB1DBB6151009A56ED /* PBXTargetDependency */ = {
			isa = PBXTargetDependency;
			target = D3F662F71DBB6151009A56ED /* watch Extension */;
			targetProxy = D3F662FA1DBB6151009A56ED /* PBXContainerItemProxy */;
		};
		D3F663091DBB6151009A56ED /* PBXTargetDependency */ = {
			isa = PBXTargetDependency;
			target = D3F662EB1DBB6151009A56ED /* watch */;
			targetProxy = D3F663081DBB6151009A56ED /* PBXContainerItemProxy */;
		};
/* End PBXTargetDependency section */

/* Begin PBXVariantGroup section */
		D3F662D61DBB5A71009A56ED /* Main.storyboard */ = {
			isa = PBXVariantGroup;
			children = (
				D3F662D71DBB5A71009A56ED /* Base */,
			);
			name = Main.storyboard;
			sourceTree = "<group>";
		};
		D3F662DB1DBB5A71009A56ED /* LaunchScreen.storyboard */ = {
			isa = PBXVariantGroup;
			children = (
				D3F662DC1DBB5A71009A56ED /* Base */,
			);
			name = LaunchScreen.storyboard;
			sourceTree = "<group>";
		};
		D3F662EE1DBB6151009A56ED /* Interface.storyboard */ = {
			isa = PBXVariantGroup;
			children = (
				D3F662EF1DBB6151009A56ED /* Base */,
			);
			name = Interface.storyboard;
			sourceTree = "<group>";
		};
/* End PBXVariantGroup section */

/* Begin XCBuildConfiguration section */
		D3F662DF1DBB5A71009A56ED /* Debug */ = {
			isa = XCBuildConfiguration;
			buildSettings = {
				ALWAYS_SEARCH_USER_PATHS = NO;
				CLANG_ANALYZER_NONNULL = YES;
				CLANG_CXX_LANGUAGE_STANDARD = "gnu++0x";
				CLANG_CXX_LIBRARY = "libc++";
				CLANG_ENABLE_MODULES = YES;
				CLANG_ENABLE_OBJC_ARC = YES;
				CLANG_WARN_BOOL_CONVERSION = YES;
				CLANG_WARN_CONSTANT_CONVERSION = YES;
				CLANG_WARN_DIRECT_OBJC_ISA_USAGE = YES_ERROR;
				CLANG_WARN_DOCUMENTATION_COMMENTS = YES;
				CLANG_WARN_EMPTY_BODY = YES;
				CLANG_WARN_ENUM_CONVERSION = YES;
				CLANG_WARN_INFINITE_RECURSION = YES;
				CLANG_WARN_INT_CONVERSION = YES;
				CLANG_WARN_OBJC_ROOT_CLASS = YES_ERROR;
				CLANG_WARN_SUSPICIOUS_MOVES = YES;
				CLANG_WARN_UNREACHABLE_CODE = YES;
				CLANG_WARN__DUPLICATE_METHOD_MATCH = YES;
				"CODE_SIGN_IDENTITY[sdk=iphoneos*]" = "iPhone Developer";
				COPY_PHASE_STRIP = NO;
				DEBUG_INFORMATION_FORMAT = dwarf;
				ENABLE_STRICT_OBJC_MSGSEND = YES;
				ENABLE_TESTABILITY = YES;
				GCC_C_LANGUAGE_STANDARD = gnu99;
				GCC_DYNAMIC_NO_PIC = NO;
				GCC_NO_COMMON_BLOCKS = YES;
				GCC_OPTIMIZATION_LEVEL = 0;
				GCC_PREPROCESSOR_DEFINITIONS = (
					"DEBUG=1",
					"$(inherited)",
				);
				GCC_WARN_64_TO_32_BIT_CONVERSION = YES;
				GCC_WARN_ABOUT_RETURN_TYPE = YES_ERROR;
				GCC_WARN_UNDECLARED_SELECTOR = YES;
				GCC_WARN_UNINITIALIZED_AUTOS = YES_AGGRESSIVE;
				GCC_WARN_UNUSED_FUNCTION = YES;
				GCC_WARN_UNUSED_VARIABLE = YES;
				IPHONEOS_DEPLOYMENT_TARGET = 10.0;
				MTL_ENABLE_DEBUG_INFO = YES;
				ONLY_ACTIVE_ARCH = YES;
				SDKROOT = iphoneos;
				SWIFT_ACTIVE_COMPILATION_CONDITIONS = DEBUG;
				SWIFT_OPTIMIZATION_LEVEL = "-Onone";
				TARGETED_DEVICE_FAMILY = "1,2";
			};
			name = Debug;
		};
		D3F662E01DBB5A71009A56ED /* Release */ = {
			isa = XCBuildConfiguration;
			buildSettings = {
				ALWAYS_SEARCH_USER_PATHS = NO;
				CLANG_ANALYZER_NONNULL = YES;
				CLANG_CXX_LANGUAGE_STANDARD = "gnu++0x";
				CLANG_CXX_LIBRARY = "libc++";
				CLANG_ENABLE_MODULES = YES;
				CLANG_ENABLE_OBJC_ARC = YES;
				CLANG_WARN_BOOL_CONVERSION = YES;
				CLANG_WARN_CONSTANT_CONVERSION = YES;
				CLANG_WARN_DIRECT_OBJC_ISA_USAGE = YES_ERROR;
				CLANG_WARN_DOCUMENTATION_COMMENTS = YES;
				CLANG_WARN_EMPTY_BODY = YES;
				CLANG_WARN_ENUM_CONVERSION = YES;
				CLANG_WARN_INFINITE_RECURSION = YES;
				CLANG_WARN_INT_CONVERSION = YES;
				CLANG_WARN_OBJC_ROOT_CLASS = YES_ERROR;
				CLANG_WARN_SUSPICIOUS_MOVES = YES;
				CLANG_WARN_UNREACHABLE_CODE = YES;
				CLANG_WARN__DUPLICATE_METHOD_MATCH = YES;
				"CODE_SIGN_IDENTITY[sdk=iphoneos*]" = "iPhone Developer";
				COPY_PHASE_STRIP = NO;
				DEBUG_INFORMATION_FORMAT = "dwarf-with-dsym";
				ENABLE_NS_ASSERTIONS = NO;
				ENABLE_STRICT_OBJC_MSGSEND = YES;
				GCC_C_LANGUAGE_STANDARD = gnu99;
				GCC_NO_COMMON_BLOCKS = YES;
				GCC_WARN_64_TO_32_BIT_CONVERSION = YES;
				GCC_WARN_ABOUT_RETURN_TYPE = YES_ERROR;
				GCC_WARN_UNDECLARED_SELECTOR = YES;
				GCC_WARN_UNINITIALIZED_AUTOS = YES_AGGRESSIVE;
				GCC_WARN_UNUSED_FUNCTION = YES;
				GCC_WARN_UNUSED_VARIABLE = YES;
				IPHONEOS_DEPLOYMENT_TARGET = 10.0;
				MTL_ENABLE_DEBUG_INFO = NO;
				SDKROOT = iphoneos;
				SWIFT_OPTIMIZATION_LEVEL = "-Owholemodule";
				TARGETED_DEVICE_FAMILY = "1,2";
				VALIDATE_PRODUCT = YES;
			};
			name = Release;
		};
		D3F662E21DBB5A71009A56ED /* Debug */ = {
			isa = XCBuildConfiguration;
			buildSettings = {
				ASSETCATALOG_COMPILER_APPICON_NAME = AppIcon;
				DEVELOPMENT_TEAM = HG5KUP66BT;
				INFOPLIST_FILE = OpenGoles/Info.plist;
				LD_RUNPATH_SEARCH_PATHS = "$(inherited) @executable_path/Frameworks";
				PRODUCT_BUNDLE_IDENTIFIER = segura.OpenGoles;
				PRODUCT_NAME = "$(TARGET_NAME)";
				SWIFT_VERSION = 3.0;
			};
			name = Debug;
		};
		D3F662E31DBB5A71009A56ED /* Release */ = {
			isa = XCBuildConfiguration;
			buildSettings = {
				ASSETCATALOG_COMPILER_APPICON_NAME = AppIcon;
				DEVELOPMENT_TEAM = HG5KUP66BT;
				INFOPLIST_FILE = OpenGoles/Info.plist;
				LD_RUNPATH_SEARCH_PATHS = "$(inherited) @executable_path/Frameworks";
				PRODUCT_BUNDLE_IDENTIFIER = segura.OpenGoles;
				PRODUCT_NAME = "$(TARGET_NAME)";
				SWIFT_VERSION = 3.0;
			};
			name = Release;
		};
		D3F6630C1DBB6151009A56ED /* Debug */ = {
			isa = XCBuildConfiguration;
			buildSettings = {
				ASSETCATALOG_COMPILER_COMPLICATION_NAME = Complication;
				DEVELOPMENT_TEAM = HG5KUP66BT;
				INFOPLIST_FILE = "watch Extension/Info.plist";
				LD_RUNPATH_SEARCH_PATHS = "$(inherited) @executable_path/Frameworks @executable_path/../../Frameworks";
				PRODUCT_BUNDLE_IDENTIFIER = segura.OpenGoles.watchkitapp.watchkitextension;
				PRODUCT_NAME = "${TARGET_NAME}";
				SDKROOT = watchos;
				SKIP_INSTALL = YES;
				SWIFT_VERSION = 3.0;
				TARGETED_DEVICE_FAMILY = 4;
				WATCHOS_DEPLOYMENT_TARGET = 3.0;
			};
			name = Debug;
		};
		D3F6630D1DBB6151009A56ED /* Release */ = {
			isa = XCBuildConfiguration;
			buildSettings = {
				ASSETCATALOG_COMPILER_COMPLICATION_NAME = Complication;
				DEVELOPMENT_TEAM = HG5KUP66BT;
				INFOPLIST_FILE = "watch Extension/Info.plist";
				LD_RUNPATH_SEARCH_PATHS = "$(inherited) @executable_path/Frameworks @executable_path/../../Frameworks";
				PRODUCT_BUNDLE_IDENTIFIER = segura.OpenGoles.watchkitapp.watchkitextension;
				PRODUCT_NAME = "${TARGET_NAME}";
				SDKROOT = watchos;
				SKIP_INSTALL = YES;
				SWIFT_VERSION = 3.0;
				TARGETED_DEVICE_FAMILY = 4;
				WATCHOS_DEPLOYMENT_TARGET = 3.0;
			};
			name = Release;
		};
		D3F663101DBB6151009A56ED /* Debug */ = {
			isa = XCBuildConfiguration;
			buildSettings = {
				ALWAYS_EMBED_SWIFT_STANDARD_LIBRARIES = YES;
				ASSETCATALOG_COMPILER_APPICON_NAME = AppIcon;
				DEVELOPMENT_TEAM = HG5KUP66BT;
				IBSC_MODULE = watch_Extension;
				INFOPLIST_FILE = watch/Info.plist;
				PRODUCT_BUNDLE_IDENTIFIER = segura.OpenGoles.watchkitapp;
				PRODUCT_NAME = "$(TARGET_NAME)";
				SDKROOT = watchos;
				SKIP_INSTALL = YES;
				SWIFT_VERSION = 3.0;
				TARGETED_DEVICE_FAMILY = 4;
				WATCHOS_DEPLOYMENT_TARGET = 3.0;
			};
			name = Debug;
		};
		D3F663111DBB6151009A56ED /* Release */ = {
			isa = XCBuildConfiguration;
			buildSettings = {
				ALWAYS_EMBED_SWIFT_STANDARD_LIBRARIES = YES;
				ASSETCATALOG_COMPILER_APPICON_NAME = AppIcon;
				DEVELOPMENT_TEAM = HG5KUP66BT;
				IBSC_MODULE = watch_Extension;
				INFOPLIST_FILE = watch/Info.plist;
				PRODUCT_BUNDLE_IDENTIFIER = segura.OpenGoles.watchkitapp;
				PRODUCT_NAME = "$(TARGET_NAME)";
				SDKROOT = watchos;
				SKIP_INSTALL = YES;
				SWIFT_VERSION = 3.0;
				TARGETED_DEVICE_FAMILY = 4;
				WATCHOS_DEPLOYMENT_TARGET = 3.0;
			};
			name = Release;
		};
/* End XCBuildConfiguration section */

/* Begin XCConfigurationList section */
		D3F662C81DBB5A71009A56ED /* Build configuration list for PBXProject "OpenGoles" */ = {
			isa = XCConfigurationList;
			buildConfigurations = (
				D3F662DF1DBB5A71009A56ED /* Debug */,
				D3F662E01DBB5A71009A56ED /* Release */,
			);
			defaultConfigurationIsVisible = 0;
			defaultConfigurationName = Release;
		};
		D3F662E11DBB5A71009A56ED /* Build configuration list for PBXNativeTarget "OpenGoles" */ = {
			isa = XCConfigurationList;
			buildConfigurations = (
				D3F662E21DBB5A71009A56ED /* Debug */,
				D3F662E31DBB5A71009A56ED /* Release */,
			);
			defaultConfigurationIsVisible = 0;
			defaultConfigurationName = Release;
		};
		D3F6630B1DBB6151009A56ED /* Build configuration list for PBXNativeTarget "watch Extension" */ = {
			isa = XCConfigurationList;
			buildConfigurations = (
				D3F6630C1DBB6151009A56ED /* Debug */,
				D3F6630D1DBB6151009A56ED /* Release */,
			);
			defaultConfigurationIsVisible = 0;
			defaultConfigurationName = Release;
		};
		D3F6630F1DBB6151009A56ED /* Build configuration list for PBXNativeTarget "watch" */ = {
			isa = XCConfigurationList;
			buildConfigurations = (
				D3F663101DBB6151009A56ED /* Debug */,
				D3F663111DBB6151009A56ED /* Release */,
			);
			defaultConfigurationIsVisible = 0;
			defaultConfigurationName = Release;
		};
/* End XCConfigurationList section */
	};
	rootObject = D3F662C51DBB5A71009A56ED /* Project object */;
}
